
Microsoft Visual Studio Solution File, Format Version 12.00
# Visual Studio Version 16
VisualStudioVersion = 16.0.29306.81
MinimumVisualStudioVersion = 10.0.40219.1
Project("{2150E333-8FDC-42A3-9474-1A3956D46DE8}") = "Framework", "Framework", "{4E0E2870-CF04-4168-8D85-ECC38A4B426E}"
EndProject
Project("{9A19103F-16F7-4668-BE54-9A1E7A4F7556}") = "AutoTests.Framework.Core", "AutoTests.Framework.Core\AutoTests.Framework.Core.csproj", "{8574FA8C-878C-4E38-B31F-F369CFE11245}"
EndProject
Project("{2150E333-8FDC-42A3-9474-1A3956D46DE8}") = "Tests", "Tests", "{62D0A9BF-AD9D-4AD2-8BED-6C0DD6CF655E}"
EndProject
Project("{9A19103F-16F7-4668-BE54-9A1E7A4F7556}") = "AutoTests.Framework.Tests", "AutoTests.Framework.Tests\AutoTests.Framework.Tests.csproj", "{F58EF960-A8B4-4C88-B251-C5436EC8FFD8}"
EndProject
Project("{9A19103F-16F7-4668-BE54-9A1E7A4F7556}") = "AutoTests.Framework.Core.Specflow", "AutoTests.Framework.Core.Specflow\AutoTests.Framework.Core.Specflow.csproj", "{610D335B-9856-4AA7-B58A-36AC16560E80}"
EndProject
Project("{9A19103F-16F7-4668-BE54-9A1E7A4F7556}") = "AutoTests.Framework.PreProcessor", "AutoTests.Framework.PreProcessor\AutoTests.Framework.PreProcessor.csproj", "{2065FF86-B9BB-4F56-B5A7-11F6EB842CBE}"
EndProject
Project("{9A19103F-16F7-4668-BE54-9A1E7A4F7556}") = "AutoTests.Framework.PreProcessor.Roslyn", "AutoTests.Framework.PreProcessor.Roslyn\AutoTests.Framework.PreProcessor.Roslyn.csproj", "{1C6A8B0E-4539-4A7D-9984-3C3957266E99}"
EndProject
Project("{9A19103F-16F7-4668-BE54-9A1E7A4F7556}") = "AutoTests.Framework.PreProcessor.Specflow", "AutoTests.Framework.PreProcessor.Specflow\AutoTests.Framework.PreProcessor.Specflow.csproj", "{5F237DEF-727B-49BC-A470-EF75017FBE4D}"
EndProject
Project("{9A19103F-16F7-4668-BE54-9A1E7A4F7556}") = "AutoTests.Framework.Components", "AutoTests.Framework.Components\AutoTests.Framework.Components.csproj", "{162E5187-ED94-495C-8FC5-BDBC2A1AF718}"
EndProject
Project("{9A19103F-16F7-4668-BE54-9A1E7A4F7556}") = "AutoTests.Framework.Components.Routes", "AutoTests.Framework.Components.Routes\AutoTests.Framework.Components.Routes.csproj", "{FDFE4ACB-FA1D-4616-9E23-A34BDB67218A}"
EndProject
Project("{9A19103F-16F7-4668-BE54-9A1E7A4F7556}") = "AutoTests.Framework.Components.Specflow", "AutoTests.Framework.Components.Specflow\AutoTests.Framework.Components.Specflow.csproj", "{8180B52C-2C27-415D-9CB5-2E6C793F406C}"
EndProject
Project("{2150E333-8FDC-42A3-9474-1A3956D46DE8}") = "Core", "Core", "{43176C46-DA5F-4650-A0AC-ABDAC42E8921}"
EndProject
Project("{2150E333-8FDC-42A3-9474-1A3956D46DE8}") = "Web", "Web", "{AD782D17-1775-490D-B855-E439E47FE834}"
EndProject
Project("{2150E333-8FDC-42A3-9474-1A3956D46DE8}") = "PreProcessor", "PreProcessor", "{F1C203D8-1B9E-42C8-B97B-1C1E0C72A8B7}"
EndProject
Project("{9A19103F-16F7-4668-BE54-9A1E7A4F7556}") = "Boostrap.Tests", "Boostrap.Tests\Boostrap.Tests.csproj", "{E99E29C2-DBD1-4E2A-A5C6-5C6F74C90233}"
EndProject
Project("{2150E333-8FDC-42A3-9474-1A3956D46DE8}") = ".build", ".build", "{D23020A3-BFE0-4EBC-9D39-AF6C2B7DFB38}"
	ProjectSection(SolutionItems) = preProject
		AutoTests.Framework.props = AutoTests.Framework.props
	EndProjectSection
EndProject
Project("{2150E333-8FDC-42A3-9474-1A3956D46DE8}") = "Data", "Data", "{82D6C599-D21C-4E09-80CF-69C22D4F46A7}"
EndProject
Project("{9A19103F-16F7-4668-BE54-9A1E7A4F7556}") = "AutoTests.Framework.Data", "AutoTests.Framework.Data\AutoTests.Framework.Data.csproj", "{25676C67-5118-473C-8C0B-0F366E65FCB3}"
EndProject
Global
	GlobalSection(SolutionConfigurationPlatforms) = preSolution
		Debug|Any CPU = Debug|Any CPU
		Release|Any CPU = Release|Any CPU
	EndGlobalSection
	GlobalSection(ProjectConfigurationPlatforms) = postSolution
		{8574FA8C-878C-4E38-B31F-F369CFE11245}.Debug|Any CPU.ActiveCfg = Debug|Any CPU
		{8574FA8C-878C-4E38-B31F-F369CFE11245}.Debug|Any CPU.Build.0 = Debug|Any CPU
		{8574FA8C-878C-4E38-B31F-F369CFE11245}.Release|Any CPU.ActiveCfg = Release|Any CPU
		{8574FA8C-878C-4E38-B31F-F369CFE11245}.Release|Any CPU.Build.0 = Release|Any CPU
		{F58EF960-A8B4-4C88-B251-C5436EC8FFD8}.Debug|Any CPU.ActiveCfg = Debug|Any CPU
		{F58EF960-A8B4-4C88-B251-C5436EC8FFD8}.Debug|Any CPU.Build.0 = Debug|Any CPU
		{F58EF960-A8B4-4C88-B251-C5436EC8FFD8}.Release|Any CPU.ActiveCfg = Release|Any CPU
		{F58EF960-A8B4-4C88-B251-C5436EC8FFD8}.Release|Any CPU.Build.0 = Release|Any CPU
		{610D335B-9856-4AA7-B58A-36AC16560E80}.Debug|Any CPU.ActiveCfg = Debug|Any CPU
		{610D335B-9856-4AA7-B58A-36AC16560E80}.Debug|Any CPU.Build.0 = Debug|Any CPU
		{610D335B-9856-4AA7-B58A-36AC16560E80}.Release|Any CPU.ActiveCfg = Release|Any CPU
		{610D335B-9856-4AA7-B58A-36AC16560E80}.Release|Any CPU.Build.0 = Release|Any CPU
		{2065FF86-B9BB-4F56-B5A7-11F6EB842CBE}.Debug|Any CPU.ActiveCfg = Debug|Any CPU
		{2065FF86-B9BB-4F56-B5A7-11F6EB842CBE}.Debug|Any CPU.Build.0 = Debug|Any CPU
		{2065FF86-B9BB-4F56-B5A7-11F6EB842CBE}.Release|Any CPU.ActiveCfg = Release|Any CPU
		{2065FF86-B9BB-4F56-B5A7-11F6EB842CBE}.Release|Any CPU.Build.0 = Release|Any CPU
		{1C6A8B0E-4539-4A7D-9984-3C3957266E99}.Debug|Any CPU.ActiveCfg = Debug|Any CPU
		{1C6A8B0E-4539-4A7D-9984-3C3957266E99}.Debug|Any CPU.Build.0 = Debug|Any CPU
		{1C6A8B0E-4539-4A7D-9984-3C3957266E99}.Release|Any CPU.ActiveCfg = Release|Any CPU
		{1C6A8B0E-4539-4A7D-9984-3C3957266E99}.Release|Any CPU.Build.0 = Release|Any CPU
		{5F237DEF-727B-49BC-A470-EF75017FBE4D}.Debug|Any CPU.ActiveCfg = Debug|Any CPU
		{5F237DEF-727B-49BC-A470-EF75017FBE4D}.Debug|Any CPU.Build.0 = Debug|Any CPU
		{5F237DEF-727B-49BC-A470-EF75017FBE4D}.Release|Any CPU.ActiveCfg = Release|Any CPU
		{5F237DEF-727B-49BC-A470-EF75017FBE4D}.Release|Any CPU.Build.0 = Release|Any CPU
		{162E5187-ED94-495C-8FC5-BDBC2A1AF718}.Debug|Any CPU.ActiveCfg = Debug|Any CPU
		{162E5187-ED94-495C-8FC5-BDBC2A1AF718}.Debug|Any CPU.Build.0 = Debug|Any CPU
		{162E5187-ED94-495C-8FC5-BDBC2A1AF718}.Release|Any CPU.ActiveCfg = Release|Any CPU
		{162E5187-ED94-495C-8FC5-BDBC2A1AF718}.Release|Any CPU.Build.0 = Release|Any CPU
		{FDFE4ACB-FA1D-4616-9E23-A34BDB67218A}.Debug|Any CPU.ActiveCfg = Debug|Any CPU
		{FDFE4ACB-FA1D-4616-9E23-A34BDB67218A}.Debug|Any CPU.Build.0 = Debug|Any CPU
		{FDFE4ACB-FA1D-4616-9E23-A34BDB67218A}.Release|Any CPU.ActiveCfg = Release|Any CPU
		{FDFE4ACB-FA1D-4616-9E23-A34BDB67218A}.Release|Any CPU.Build.0 = Release|Any CPU
		{8180B52C-2C27-415D-9CB5-2E6C793F406C}.Debug|Any CPU.ActiveCfg = Debug|Any CPU
		{8180B52C-2C27-415D-9CB5-2E6C793F406C}.Debug|Any CPU.Build.0 = Debug|Any CPU
		{8180B52C-2C27-415D-9CB5-2E6C793F406C}.Release|Any CPU.ActiveCfg = Release|Any CPU
		{8180B52C-2C27-415D-9CB5-2E6C793F406C}.Release|Any CPU.Build.0 = Release|Any CPU
		{E99E29C2-DBD1-4E2A-A5C6-5C6F74C90233}.Debug|Any CPU.ActiveCfg = Debug|Any CPU
		{E99E29C2-DBD1-4E2A-A5C6-5C6F74C90233}.Debug|Any CPU.Build.0 = Debug|Any CPU
		{E99E29C2-DBD1-4E2A-A5C6-5C6F74C90233}.Release|Any CPU.ActiveCfg = Release|Any CPU
		{E99E29C2-DBD1-4E2A-A5C6-5C6F74C90233}.Release|Any CPU.Build.0 = Release|Any CPU
		{25676C67-5118-473C-8C0B-0F366E65FCB3}.Debug|Any CPU.ActiveCfg = Debug|Any CPU
		{25676C67-5118-473C-8C0B-0F366E65FCB3}.Debug|Any CPU.Build.0 = Debug|Any CPU
		{25676C67-5118-473C-8C0B-0F366E65FCB3}.Release|Any CPU.ActiveCfg = Release|Any CPU
		{25676C67-5118-473C-8C0B-0F366E65FCB3}.Release|Any CPU.Build.0 = Release|Any CPU
	EndGlobalSection
	GlobalSection(SolutionProperties) = preSolution
		HideSolutionNode = FALSE
	EndGlobalSection
	GlobalSection(NestedProjects) = preSolution
		{8574FA8C-878C-4E38-B31F-F369CFE11245} = {43176C46-DA5F-4650-A0AC-ABDAC42E8921}
		{F58EF960-A8B4-4C88-B251-C5436EC8FFD8} = {62D0A9BF-AD9D-4AD2-8BED-6C0DD6CF655E}
		{610D335B-9856-4AA7-B58A-36AC16560E80} = {43176C46-DA5F-4650-A0AC-ABDAC42E8921}
		{2065FF86-B9BB-4F56-B5A7-11F6EB842CBE} = {F1C203D8-1B9E-42C8-B97B-1C1E0C72A8B7}
		{1C6A8B0E-4539-4A7D-9984-3C3957266E99} = {F1C203D8-1B9E-42C8-B97B-1C1E0C72A8B7}
		{5F237DEF-727B-49BC-A470-EF75017FBE4D} = {F1C203D8-1B9E-42C8-B97B-1C1E0C72A8B7}
		{162E5187-ED94-495C-8FC5-BDBC2A1AF718} = {AD782D17-1775-490D-B855-E439E47FE834}
		{FDFE4ACB-FA1D-4616-9E23-A34BDB67218A} = {AD782D17-1775-490D-B855-E439E47FE834}
		{8180B52C-2C27-415D-9CB5-2E6C793F406C} = {AD782D17-1775-490D-B855-E439E47FE834}
		{43176C46-DA5F-4650-A0AC-ABDAC42E8921} = {4E0E2870-CF04-4168-8D85-ECC38A4B426E}
		{AD782D17-1775-490D-B855-E439E47FE834} = {4E0E2870-CF04-4168-8D85-ECC38A4B426E}
		{F1C203D8-1B9E-42C8-B97B-1C1E0C72A8B7} = {4E0E2870-CF04-4168-8D85-ECC38A4B426E}
		{E99E29C2-DBD1-4E2A-A5C6-5C6F74C90233} = {62D0A9BF-AD9D-4AD2-8BED-6C0DD6CF655E}
		{D23020A3-BFE0-4EBC-9D39-AF6C2B7DFB38} = {4E0E2870-CF04-4168-8D85-ECC38A4B426E}
		{82D6C599-D21C-4E09-80CF-69C22D4F46A7} = {4E0E2870-CF04-4168-8D85-ECC38A4B426E}
		{25676C67-5118-473C-8C0B-0F366E65FCB3} = {82D6C599-D21C-4E09-80CF-69C22D4F46A7}
	EndGlobalSection
	GlobalSection(ExtensibilityGlobals) = postSolution
		SolutionGuid = {8CC06E25-60A1-41E5-9BA3-4BCF6254BC1C}
	EndGlobalSection
EndGlobal
