
Microsoft Visual Studio Solution File, Format Version 12.00
# Visual Studio Version 17
VisualStudioVersion = 17.4.33110.190
MinimumVisualStudioVersion = 10.0.40219.1
Project("{2150E333-8FDC-42A3-9474-1A3956D46DE8}") = ".global", ".global", "{D23020A3-BFE0-4EBC-9D39-AF6C2B7DFB38}"
	ProjectSection(SolutionItems) = preProject
		.editorconfig = .editorconfig
		AutoTests.Framework.props = AutoTests.Framework.props
		README.md = README.md
		Common.props = Common.props
	EndProjectSection
EndProject
Project("{2150E333-8FDC-42A3-9474-1A3956D46DE8}") = "Tests", "Tests", "{96B031DB-0483-40AD-B39B-2876542AF4E7}"
EndProject
Project("{2150E333-8FDC-42A3-9474-1A3956D46DE8}") = "Framework", "Framework", "{7BAAE255-54B4-4BAB-877E-F38500F65325}"
EndProject
Project("{9A19103F-16F7-4668-BE54-9A1E7A4F7556}") = "AutoTests.Framework", "AutoTests.Framework\AutoTests.Framework.csproj", "{0D9D5880-7D4A-4920-B80B-DFBC37984E8C}"
EndProject
Project("{9A19103F-16F7-4668-BE54-9A1E7A4F7556}") = "AutoTests.Framework.Components", "AutoTests.Framework.Components\AutoTests.Framework.Components.csproj", "{F89E2D3E-2917-455B-ACFB-F6C6498948AA}"
EndProject
Project("{9A19103F-16F7-4668-BE54-9A1E7A4F7556}") = "AutoTests.Framework.Playwright", "AutoTests.Framework.Playwright\AutoTests.Framework.Playwright.csproj", "{0044C8D1-E63A-4A7A-AB91-6106FD29E8E8}"
EndProject
Project("{9A19103F-16F7-4668-BE54-9A1E7A4F7556}") = "AutoTests.Framework.Tests", "AutoTests.Framework.Tests\AutoTests.Framework.Tests.csproj", "{1D1996DC-E249-4BA5-9AA0-779E9CB24F1A}"
EndProject
Project("{9A19103F-16F7-4668-BE54-9A1E7A4F7556}") = "Boostrap.Tests", "Boostrap.Tests\Boostrap.Tests.csproj", "{1FF31BF4-8F61-4B11-AFB8-A93931B5B670}"
EndProject
Global
	GlobalSection(SolutionConfigurationPlatforms) = preSolution
		Debug|Any CPU = Debug|Any CPU
		Release|Any CPU = Release|Any CPU
	EndGlobalSection
	GlobalSection(ProjectConfigurationPlatforms) = postSolution
		{0D9D5880-7D4A-4920-B80B-DFBC37984E8C}.Debug|Any CPU.ActiveCfg = Debug|Any CPU
		{0D9D5880-7D4A-4920-B80B-DFBC37984E8C}.Debug|Any CPU.Build.0 = Debug|Any CPU
		{0D9D5880-7D4A-4920-B80B-DFBC37984E8C}.Release|Any CPU.ActiveCfg = Release|Any CPU
		{0D9D5880-7D4A-4920-B80B-DFBC37984E8C}.Release|Any CPU.Build.0 = Release|Any CPU
		{F89E2D3E-2917-455B-ACFB-F6C6498948AA}.Debug|Any CPU.ActiveCfg = Debug|Any CPU
		{F89E2D3E-2917-455B-ACFB-F6C6498948AA}.Debug|Any CPU.Build.0 = Debug|Any CPU
		{F89E2D3E-2917-455B-ACFB-F6C6498948AA}.Release|Any CPU.ActiveCfg = Release|Any CPU
		{F89E2D3E-2917-455B-ACFB-F6C6498948AA}.Release|Any CPU.Build.0 = Release|Any CPU
		{0044C8D1-E63A-4A7A-AB91-6106FD29E8E8}.Debug|Any CPU.ActiveCfg = Debug|Any CPU
		{0044C8D1-E63A-4A7A-AB91-6106FD29E8E8}.Debug|Any CPU.Build.0 = Debug|Any CPU
		{0044C8D1-E63A-4A7A-AB91-6106FD29E8E8}.Release|Any CPU.ActiveCfg = Release|Any CPU
		{0044C8D1-E63A-4A7A-AB91-6106FD29E8E8}.Release|Any CPU.Build.0 = Release|Any CPU
		{1D1996DC-E249-4BA5-9AA0-779E9CB24F1A}.Debug|Any CPU.ActiveCfg = Debug|Any CPU
		{1D1996DC-E249-4BA5-9AA0-779E9CB24F1A}.Debug|Any CPU.Build.0 = Debug|Any CPU
		{1D1996DC-E249-4BA5-9AA0-779E9CB24F1A}.Release|Any CPU.ActiveCfg = Release|Any CPU
		{1D1996DC-E249-4BA5-9AA0-779E9CB24F1A}.Release|Any CPU.Build.0 = Release|Any CPU
		{1FF31BF4-8F61-4B11-AFB8-A93931B5B670}.Debug|Any CPU.ActiveCfg = Debug|Any CPU
		{1FF31BF4-8F61-4B11-AFB8-A93931B5B670}.Debug|Any CPU.Build.0 = Debug|Any CPU
		{1FF31BF4-8F61-4B11-AFB8-A93931B5B670}.Release|Any CPU.ActiveCfg = Release|Any CPU
		{1FF31BF4-8F61-4B11-AFB8-A93931B5B670}.Release|Any CPU.Build.0 = Release|Any CPU
	EndGlobalSection
	GlobalSection(SolutionProperties) = preSolution
		HideSolutionNode = FALSE
	EndGlobalSection
	GlobalSection(NestedProjects) = preSolution
		{0D9D5880-7D4A-4920-B80B-DFBC37984E8C} = {7BAAE255-54B4-4BAB-877E-F38500F65325}
		{F89E2D3E-2917-455B-ACFB-F6C6498948AA} = {7BAAE255-54B4-4BAB-877E-F38500F65325}
		{0044C8D1-E63A-4A7A-AB91-6106FD29E8E8} = {7BAAE255-54B4-4BAB-877E-F38500F65325}
		{1D1996DC-E249-4BA5-9AA0-779E9CB24F1A} = {96B031DB-0483-40AD-B39B-2876542AF4E7}
		{1FF31BF4-8F61-4B11-AFB8-A93931B5B670} = {96B031DB-0483-40AD-B39B-2876542AF4E7}
	EndGlobalSection
	GlobalSection(ExtensibilityGlobals) = postSolution
		SolutionGuid = {8CC06E25-60A1-41E5-9BA3-4BCF6254BC1C}
	EndGlobalSection
EndGlobal
